
Microsoft Visual Studio Solution File, Format Version 12.00
# Visual Studio Version 17
VisualStudioVersion = 17.5.002.0
MinimumVisualStudioVersion = 10.0.40219.1
Project("{9A19103F-16F7-4668-BE54-9A1E7A4F7556}") = "BasicCalculator", "BasicCalculator.csproj", "{0F90DBFD-5581-44E0-B6EA-DF2753E98833}"
EndProject
Global
	GlobalSection(SolutionConfigurationPlatforms) = preSolution
		Debug|Any CPU = Debug|Any CPU
		Release|Any CPU = Release|Any CPU
	EndGlobalSection
	GlobalSection(ProjectConfigurationPlatforms) = postSolution
		{0F90DBFD-5581-44E0-B6EA-DF2753E98833}.Debug|Any CPU.ActiveCfg = Debug|Any CPU
		{0F90DBFD-5581-44E0-B6EA-DF2753E98833}.Debug|Any CPU.Build.0 = Debug|Any CPU
		{0F90DBFD-5581-44E0-B6EA-DF2753E98833}.Release|Any CPU.ActiveCfg = Release|Any CPU
		{0F90DBFD-5581-44E0-B6EA-DF2753E98833}.Release|Any CPU.Build.0 = Release|Any CPU
	EndGlobalSection
	GlobalSection(SolutionProperties) = preSolution
		HideSolutionNode = FALSE
	EndGlobalSection
	GlobalSection(ExtensibilityGlobals) = postSolution
		SolutionGuid = {8C473A46-0450-4E4C-B2C7-62CD6B7AAF55}
	EndGlobalSection
EndGlobal
